
Microsoft Visual Studio Solution File, Format Version 12.00
# Visual Studio Version 17
VisualStudioVersion = 17.8.34511.84
MinimumVisualStudioVersion = 10.0.40219.1
Project("{FAE04EC0-301F-11D3-BF4B-00C04F79EFBC}") = "bap3", "bap3\bap3.csproj", "{6FA5CE08-E8BC-4BEF-8520-DD1273D136DC}"
EndProject
Global
	GlobalSection(SolutionConfigurationPlatforms) = preSolution
		Debug|Any CPU = Debug|Any CPU
		Release|Any CPU = Release|Any CPU
	EndGlobalSection
	GlobalSection(ProjectConfigurationPlatforms) = postSolution
		{6FA5CE08-E8BC-4BEF-8520-DD1273D136DC}.Debug|Any CPU.ActiveCfg = Debug|Any CPU
		{6FA5CE08-E8BC-4BEF-8520-DD1273D136DC}.Debug|Any CPU.Build.0 = Debug|Any CPU
		{6FA5CE08-E8BC-4BEF-8520-DD1273D136DC}.Release|Any CPU.ActiveCfg = Release|Any CPU
		{6FA5CE08-E8BC-4BEF-8520-DD1273D136DC}.Release|Any CPU.Build.0 = Release|Any CPU
	EndGlobalSection
	GlobalSection(SolutionProperties) = preSolution
		HideSolutionNode = FALSE
	EndGlobalSection
	GlobalSection(ExtensibilityGlobals) = postSolution
		SolutionGuid = {73D5E05C-11EA-4C4A-BC8E-BC811E62FC23}
	EndGlobalSection
EndGlobal
